
Microsoft Visual Studio Solution File, Format Version 12.00
# Visual Studio Version 17
VisualStudioVersion = 17.0.31903.59
MinimumVisualStudioVersion = 10.0.40219.1
Project("{FAE04EC0-301F-11D3-BF4B-00C04F79EFBC}") = "Neo.ConsoleService", "..\neo\src\Neo.ConsoleService\Neo.ConsoleService.csproj", "{A2E50BB0-71EC-4DFD-B9A0-55F8953786DD}"
EndProject
Project("{FAE04EC0-301F-11D3-BF4B-00C04F79EFBC}") = "Neo.Json", "..\neo\src\Neo.Json\Neo.Json.csproj", "{38E423D8-80E2-493F-9903-622A73DCFF92}"
EndProject
Project("{FAE04EC0-301F-11D3-BF4B-00C04F79EFBC}") = "RpcServer", "..\neo\src\Plugins\RpcServer\RpcServer.csproj", "{3632CB01-EEE1-4205-870B-19DCB8B6500E}"
EndProject
Project("{FAE04EC0-301F-11D3-BF4B-00C04F79EFBC}") = "Neo", "..\neo\src\Neo\Neo.csproj", "{5AFFEE83-1A4D-48D3-BA62-81DB9C4A377B}"
EndProject
Project("{FAE04EC0-301F-11D3-BF4B-00C04F79EFBC}") = "Neo.Extensions", "..\neo\src\Neo.Extensions\Neo.Extensions.csproj", "{0B75820F-B93F-4781-AC92-2CCDD6C42EE8}"
EndProject
Project("{FAE04EC0-301F-11D3-BF4B-00C04F79EFBC}") = "Neo.IO", "..\neo\src\Neo.IO\Neo.IO.csproj", "{AA7D3B0F-ACD5-4763-9590-2AE1A25209C4}"
EndProject
Project("{2150E333-8FDC-42A3-9474-1A3956D46DE8}") = "tests", "tests", "{0AB3BF05-4346-4AA6-1389-037BE0695223}"
EndProject
Project("{FAE04EC0-301F-11D3-BF4B-00C04F79EFBC}") = "Neo.Fairy.Core.Tests", "tests\Neo.Fairy.Core.Tests\Neo.Fairy.Core.Tests.csproj", "{B01BFF59-594A-4805-A114-4A38BDFD02AE}"
EndProject
Project("{2150E333-8FDC-42A3-9474-1A3956D46DE8}") = "src", "src", "{827E0CD3-B72D-47B6-A68D-7590B98EB39B}"
EndProject
Project("{FAE04EC0-301F-11D3-BF4B-00C04F79EFBC}") = "Neo.Fairy.Core", "src\Neo.Fairy.Core\Neo.Fairy.Core.csproj", "{6224E808-6867-4C36-934C-2AC55DCE7703}"
EndProject
Project("{FAE04EC0-301F-11D3-BF4B-00C04F79EFBC}") = "Neo.Fairy.Engine.Tests", "tests\Neo.Fairy.Engine.Tests\Neo.Fairy.Engine.Tests.csproj", "{5CCB5A75-77A1-4261-9507-978156E70469}"
EndProject
Project("{FAE04EC0-301F-11D3-BF4B-00C04F79EFBC}") = "Neo.Fairy.Engine", "src\Neo.Fairy.Engine\Neo.Fairy.Engine.csproj", "{BAFA2B62-4F9D-4F38-AE2E-0271090C95AF}"
EndProject
Project("{FAE04EC0-301F-11D3-BF4B-00C04F79EFBC}") = "Neo.Fairy.Testing.Tests", "tests\Neo.Fairy.Testing.Tests\Neo.Fairy.Testing.Tests.csproj", "{0C765513-117F-43BE-B4BB-F3B31801E2BD}"
EndProject
Project("{FAE04EC0-301F-11D3-BF4B-00C04F79EFBC}") = "Neo.Fairy.Testing", "src\Neo.Fairy.Testing\Neo.Fairy.Testing.csproj", "{EA0B6AA1-65ED-4E88-BC04-8A39F8778845}"
EndProject
Project("{FAE04EC0-301F-11D3-BF4B-00C04F79EFBC}") = "Neo.Fairy.Cli", "src\Neo.Fairy.Cli\Neo.Fairy.Cli.csproj", "{9C2E19CC-5671-4BDA-A8ED-A3FB498F3908}"
EndProject
Project("{2150E333-8FDC-42A3-9474-1A3956D46DE8}") = "Fairy.Plugin", "Fairy.Plugin", "{9C0BF5A8-DCD1-D531-93C2-CA61A427B129}"
EndProject
Project("{FAE04EC0-301F-11D3-BF4B-00C04F79EFBC}") = "Fairy", "src\Fairy.Plugin\Fairy.csproj", "{2810798A-8F5B-4B69-811D-34D2D7B58FFA}"
EndProject
Global
	GlobalSection(SolutionConfigurationPlatforms) = preSolution
		Debug|Any CPU = Debug|Any CPU
		Debug|x64 = Debug|x64
		Debug|x86 = Debug|x86
		Release|Any CPU = Release|Any CPU
		Release|x64 = Release|x64
		Release|x86 = Release|x86
	EndGlobalSection
	GlobalSection(ProjectConfigurationPlatforms) = postSolution
		{A2E50BB0-71EC-4DFD-B9A0-55F8953786DD}.Debug|Any CPU.ActiveCfg = Debug|Any CPU
		{A2E50BB0-71EC-4DFD-B9A0-55F8953786DD}.Debug|Any CPU.Build.0 = Debug|Any CPU
		{A2E50BB0-71EC-4DFD-B9A0-55F8953786DD}.Debug|x64.ActiveCfg = Debug|Any CPU
		{A2E50BB0-71EC-4DFD-B9A0-55F8953786DD}.Debug|x64.Build.0 = Debug|Any CPU
		{A2E50BB0-71EC-4DFD-B9A0-55F8953786DD}.Debug|x86.ActiveCfg = Debug|Any CPU
		{A2E50BB0-71EC-4DFD-B9A0-55F8953786DD}.Debug|x86.Build.0 = Debug|Any CPU
		{A2E50BB0-71EC-4DFD-B9A0-55F8953786DD}.Release|Any CPU.ActiveCfg = Release|Any CPU
		{A2E50BB0-71EC-4DFD-B9A0-55F8953786DD}.Release|Any CPU.Build.0 = Release|Any CPU
		{A2E50BB0-71EC-4DFD-B9A0-55F8953786DD}.Release|x64.ActiveCfg = Release|Any CPU
		{A2E50BB0-71EC-4DFD-B9A0-55F8953786DD}.Release|x64.Build.0 = Release|Any CPU
		{A2E50BB0-71EC-4DFD-B9A0-55F8953786DD}.Release|x86.ActiveCfg = Release|Any CPU
		{A2E50BB0-71EC-4DFD-B9A0-55F8953786DD}.Release|x86.Build.0 = Release|Any CPU
		{38E423D8-80E2-493F-9903-622A73DCFF92}.Debug|Any CPU.ActiveCfg = Debug|Any CPU
		{38E423D8-80E2-493F-9903-622A73DCFF92}.Debug|Any CPU.Build.0 = Debug|Any CPU
		{38E423D8-80E2-493F-9903-622A73DCFF92}.Debug|x64.ActiveCfg = Debug|Any CPU
		{38E423D8-80E2-493F-9903-622A73DCFF92}.Debug|x64.Build.0 = Debug|Any CPU
		{38E423D8-80E2-493F-9903-622A73DCFF92}.Debug|x86.ActiveCfg = Debug|Any CPU
		{38E423D8-80E2-493F-9903-622A73DCFF92}.Debug|x86.Build.0 = Debug|Any CPU
		{38E423D8-80E2-493F-9903-622A73DCFF92}.Release|Any CPU.ActiveCfg = Release|Any CPU
		{38E423D8-80E2-493F-9903-622A73DCFF92}.Release|Any CPU.Build.0 = Release|Any CPU
		{38E423D8-80E2-493F-9903-622A73DCFF92}.Release|x64.ActiveCfg = Release|Any CPU
		{38E423D8-80E2-493F-9903-622A73DCFF92}.Release|x64.Build.0 = Release|Any CPU
		{38E423D8-80E2-493F-9903-622A73DCFF92}.Release|x86.ActiveCfg = Release|Any CPU
		{38E423D8-80E2-493F-9903-622A73DCFF92}.Release|x86.Build.0 = Release|Any CPU
		{3632CB01-EEE1-4205-870B-19DCB8B6500E}.Debug|Any CPU.ActiveCfg = Debug|Any CPU
		{3632CB01-EEE1-4205-870B-19DCB8B6500E}.Debug|Any CPU.Build.0 = Debug|Any CPU
		{3632CB01-EEE1-4205-870B-19DCB8B6500E}.Debug|x64.ActiveCfg = Debug|Any CPU
		{3632CB01-EEE1-4205-870B-19DCB8B6500E}.Debug|x64.Build.0 = Debug|Any CPU
		{3632CB01-EEE1-4205-870B-19DCB8B6500E}.Debug|x86.ActiveCfg = Debug|Any CPU
		{3632CB01-EEE1-4205-870B-19DCB8B6500E}.Debug|x86.Build.0 = Debug|Any CPU
		{3632CB01-EEE1-4205-870B-19DCB8B6500E}.Release|Any CPU.ActiveCfg = Release|Any CPU
		{3632CB01-EEE1-4205-870B-19DCB8B6500E}.Release|Any CPU.Build.0 = Release|Any CPU
		{3632CB01-EEE1-4205-870B-19DCB8B6500E}.Release|x64.ActiveCfg = Release|Any CPU
		{3632CB01-EEE1-4205-870B-19DCB8B6500E}.Release|x64.Build.0 = Release|Any CPU
		{3632CB01-EEE1-4205-870B-19DCB8B6500E}.Release|x86.ActiveCfg = Release|Any CPU
		{3632CB01-EEE1-4205-870B-19DCB8B6500E}.Release|x86.Build.0 = Release|Any CPU
		{5AFFEE83-1A4D-48D3-BA62-81DB9C4A377B}.Debug|Any CPU.ActiveCfg = Debug|Any CPU
		{5AFFEE83-1A4D-48D3-BA62-81DB9C4A377B}.Debug|Any CPU.Build.0 = Debug|Any CPU
		{5AFFEE83-1A4D-48D3-BA62-81DB9C4A377B}.Debug|x64.ActiveCfg = Debug|Any CPU
		{5AFFEE83-1A4D-48D3-BA62-81DB9C4A377B}.Debug|x64.Build.0 = Debug|Any CPU
		{5AFFEE83-1A4D-48D3-BA62-81DB9C4A377B}.Debug|x86.ActiveCfg = Debug|Any CPU
		{5AFFEE83-1A4D-48D3-BA62-81DB9C4A377B}.Debug|x86.Build.0 = Debug|Any CPU
		{5AFFEE83-1A4D-48D3-BA62-81DB9C4A377B}.Release|Any CPU.ActiveCfg = Release|Any CPU
		{5AFFEE83-1A4D-48D3-BA62-81DB9C4A377B}.Release|Any CPU.Build.0 = Release|Any CPU
		{5AFFEE83-1A4D-48D3-BA62-81DB9C4A377B}.Release|x64.ActiveCfg = Release|Any CPU
		{5AFFEE83-1A4D-48D3-BA62-81DB9C4A377B}.Release|x64.Build.0 = Release|Any CPU
		{5AFFEE83-1A4D-48D3-BA62-81DB9C4A377B}.Release|x86.ActiveCfg = Release|Any CPU
		{5AFFEE83-1A4D-48D3-BA62-81DB9C4A377B}.Release|x86.Build.0 = Release|Any CPU
		{0B75820F-B93F-4781-AC92-2CCDD6C42EE8}.Debug|Any CPU.ActiveCfg = Debug|Any CPU
		{0B75820F-B93F-4781-AC92-2CCDD6C42EE8}.Debug|Any CPU.Build.0 = Debug|Any CPU
		{0B75820F-B93F-4781-AC92-2CCDD6C42EE8}.Debug|x64.ActiveCfg = Debug|Any CPU
		{0B75820F-B93F-4781-AC92-2CCDD6C42EE8}.Debug|x64.Build.0 = Debug|Any CPU
		{0B75820F-B93F-4781-AC92-2CCDD6C42EE8}.Debug|x86.ActiveCfg = Debug|Any CPU
		{0B75820F-B93F-4781-AC92-2CCDD6C42EE8}.Debug|x86.Build.0 = Debug|Any CPU
		{0B75820F-B93F-4781-AC92-2CCDD6C42EE8}.Release|Any CPU.ActiveCfg = Release|Any CPU
		{0B75820F-B93F-4781-AC92-2CCDD6C42EE8}.Release|Any CPU.Build.0 = Release|Any CPU
		{0B75820F-B93F-4781-AC92-2CCDD6C42EE8}.Release|x64.ActiveCfg = Release|Any CPU
		{0B75820F-B93F-4781-AC92-2CCDD6C42EE8}.Release|x64.Build.0 = Release|Any CPU
		{0B75820F-B93F-4781-AC92-2CCDD6C42EE8}.Release|x86.ActiveCfg = Release|Any CPU
		{0B75820F-B93F-4781-AC92-2CCDD6C42EE8}.Release|x86.Build.0 = Release|Any CPU
		{AA7D3B0F-ACD5-4763-9590-2AE1A25209C4}.Debug|Any CPU.ActiveCfg = Debug|Any CPU
		{AA7D3B0F-ACD5-4763-9590-2AE1A25209C4}.Debug|Any CPU.Build.0 = Debug|Any CPU
		{AA7D3B0F-ACD5-4763-9590-2AE1A25209C4}.Debug|x64.ActiveCfg = Debug|Any CPU
		{AA7D3B0F-ACD5-4763-9590-2AE1A25209C4}.Debug|x64.Build.0 = Debug|Any CPU
		{AA7D3B0F-ACD5-4763-9590-2AE1A25209C4}.Debug|x86.ActiveCfg = Debug|Any CPU
		{AA7D3B0F-ACD5-4763-9590-2AE1A25209C4}.Debug|x86.Build.0 = Debug|Any CPU
		{AA7D3B0F-ACD5-4763-9590-2AE1A25209C4}.Release|Any CPU.ActiveCfg = Release|Any CPU
		{AA7D3B0F-ACD5-4763-9590-2AE1A25209C4}.Release|Any CPU.Build.0 = Release|Any CPU
		{AA7D3B0F-ACD5-4763-9590-2AE1A25209C4}.Release|x64.ActiveCfg = Release|Any CPU
		{AA7D3B0F-ACD5-4763-9590-2AE1A25209C4}.Release|x64.Build.0 = Release|Any CPU
		{AA7D3B0F-ACD5-4763-9590-2AE1A25209C4}.Release|x86.ActiveCfg = Release|Any CPU
		{AA7D3B0F-ACD5-4763-9590-2AE1A25209C4}.Release|x86.Build.0 = Release|Any CPU
		{B01BFF59-594A-4805-A114-4A38BDFD02AE}.Debug|Any CPU.ActiveCfg = Debug|Any CPU
		{B01BFF59-594A-4805-A114-4A38BDFD02AE}.Debug|Any CPU.Build.0 = Debug|Any CPU
		{B01BFF59-594A-4805-A114-4A38BDFD02AE}.Debug|x64.ActiveCfg = Debug|Any CPU
		{B01BFF59-594A-4805-A114-4A38BDFD02AE}.Debug|x64.Build.0 = Debug|Any CPU
		{B01BFF59-594A-4805-A114-4A38BDFD02AE}.Debug|x86.ActiveCfg = Debug|Any CPU
		{B01BFF59-594A-4805-A114-4A38BDFD02AE}.Debug|x86.Build.0 = Debug|Any CPU
		{B01BFF59-594A-4805-A114-4A38BDFD02AE}.Release|Any CPU.ActiveCfg = Release|Any CPU
		{B01BFF59-594A-4805-A114-4A38BDFD02AE}.Release|Any CPU.Build.0 = Release|Any CPU
		{B01BFF59-594A-4805-A114-4A38BDFD02AE}.Release|x64.ActiveCfg = Release|Any CPU
		{B01BFF59-594A-4805-A114-4A38BDFD02AE}.Release|x64.Build.0 = Release|Any CPU
		{B01BFF59-594A-4805-A114-4A38BDFD02AE}.Release|x86.ActiveCfg = Release|Any CPU
		{B01BFF59-594A-4805-A114-4A38BDFD02AE}.Release|x86.Build.0 = Release|Any CPU
		{6224E808-6867-4C36-934C-2AC55DCE7703}.Debug|Any CPU.ActiveCfg = Debug|Any CPU
		{6224E808-6867-4C36-934C-2AC55DCE7703}.Debug|Any CPU.Build.0 = Debug|Any CPU
		{6224E808-6867-4C36-934C-2AC55DCE7703}.Debug|x64.ActiveCfg = Debug|Any CPU
		{6224E808-6867-4C36-934C-2AC55DCE7703}.Debug|x64.Build.0 = Debug|Any CPU
		{6224E808-6867-4C36-934C-2AC55DCE7703}.Debug|x86.ActiveCfg = Debug|Any CPU
		{6224E808-6867-4C36-934C-2AC55DCE7703}.Debug|x86.Build.0 = Debug|Any CPU
		{6224E808-6867-4C36-934C-2AC55DCE7703}.Release|Any CPU.ActiveCfg = Release|Any CPU
		{6224E808-6867-4C36-934C-2AC55DCE7703}.Release|Any CPU.Build.0 = Release|Any CPU
		{6224E808-6867-4C36-934C-2AC55DCE7703}.Release|x64.ActiveCfg = Release|Any CPU
		{6224E808-6867-4C36-934C-2AC55DCE7703}.Release|x64.Build.0 = Release|Any CPU
		{6224E808-6867-4C36-934C-2AC55DCE7703}.Release|x86.ActiveCfg = Release|Any CPU
		{6224E808-6867-4C36-934C-2AC55DCE7703}.Release|x86.Build.0 = Release|Any CPU
		{5CCB5A75-77A1-4261-9507-978156E70469}.Debug|Any CPU.ActiveCfg = Debug|Any CPU
		{5CCB5A75-77A1-4261-9507-978156E70469}.Debug|Any CPU.Build.0 = Debug|Any CPU
		{5CCB5A75-77A1-4261-9507-978156E70469}.Debug|x64.ActiveCfg = Debug|Any CPU
		{5CCB5A75-77A1-4261-9507-978156E70469}.Debug|x64.Build.0 = Debug|Any CPU
		{5CCB5A75-77A1-4261-9507-978156E70469}.Debug|x86.ActiveCfg = Debug|Any CPU
		{5CCB5A75-77A1-4261-9507-978156E70469}.Debug|x86.Build.0 = Debug|Any CPU
		{5CCB5A75-77A1-4261-9507-978156E70469}.Release|Any CPU.ActiveCfg = Release|Any CPU
		{5CCB5A75-77A1-4261-9507-978156E70469}.Release|Any CPU.Build.0 = Release|Any CPU
		{5CCB5A75-77A1-4261-9507-978156E70469}.Release|x64.ActiveCfg = Release|Any CPU
		{5CCB5A75-77A1-4261-9507-978156E70469}.Release|x64.Build.0 = Release|Any CPU
		{5CCB5A75-77A1-4261-9507-978156E70469}.Release|x86.ActiveCfg = Release|Any CPU
		{5CCB5A75-77A1-4261-9507-978156E70469}.Release|x86.Build.0 = Release|Any CPU
		{BAFA2B62-4F9D-4F38-AE2E-0271090C95AF}.Debug|Any CPU.ActiveCfg = Debug|Any CPU
		{BAFA2B62-4F9D-4F38-AE2E-0271090C95AF}.Debug|Any CPU.Build.0 = Debug|Any CPU
		{BAFA2B62-4F9D-4F38-AE2E-0271090C95AF}.Debug|x64.ActiveCfg = Debug|Any CPU
		{BAFA2B62-4F9D-4F38-AE2E-0271090C95AF}.Debug|x64.Build.0 = Debug|Any CPU
		{BAFA2B62-4F9D-4F38-AE2E-0271090C95AF}.Debug|x86.ActiveCfg = Debug|Any CPU
		{BAFA2B62-4F9D-4F38-AE2E-0271090C95AF}.Debug|x86.Build.0 = Debug|Any CPU
		{BAFA2B62-4F9D-4F38-AE2E-0271090C95AF}.Release|Any CPU.ActiveCfg = Release|Any CPU
		{BAFA2B62-4F9D-4F38-AE2E-0271090C95AF}.Release|Any CPU.Build.0 = Release|Any CPU
		{BAFA2B62-4F9D-4F38-AE2E-0271090C95AF}.Release|x64.ActiveCfg = Release|Any CPU
		{BAFA2B62-4F9D-4F38-AE2E-0271090C95AF}.Release|x64.Build.0 = Release|Any CPU
		{BAFA2B62-4F9D-4F38-AE2E-0271090C95AF}.Release|x86.ActiveCfg = Release|Any CPU
		{BAFA2B62-4F9D-4F38-AE2E-0271090C95AF}.Release|x86.Build.0 = Release|Any CPU
		{0C765513-117F-43BE-B4BB-F3B31801E2BD}.Debug|Any CPU.ActiveCfg = Debug|Any CPU
		{0C765513-117F-43BE-B4BB-F3B31801E2BD}.Debug|Any CPU.Build.0 = Debug|Any CPU
		{0C765513-117F-43BE-B4BB-F3B31801E2BD}.Debug|x64.ActiveCfg = Debug|Any CPU
		{0C765513-117F-43BE-B4BB-F3B31801E2BD}.Debug|x64.Build.0 = Debug|Any CPU
		{0C765513-117F-43BE-B4BB-F3B31801E2BD}.Debug|x86.ActiveCfg = Debug|Any CPU
		{0C765513-117F-43BE-B4BB-F3B31801E2BD}.Debug|x86.Build.0 = Debug|Any CPU
		{0C765513-117F-43BE-B4BB-F3B31801E2BD}.Release|Any CPU.ActiveCfg = Release|Any CPU
		{0C765513-117F-43BE-B4BB-F3B31801E2BD}.Release|Any CPU.Build.0 = Release|Any CPU
		{0C765513-117F-43BE-B4BB-F3B31801E2BD}.Release|x64.ActiveCfg = Release|Any CPU
		{0C765513-117F-43BE-B4BB-F3B31801E2BD}.Release|x64.Build.0 = Release|Any CPU
		{0C765513-117F-43BE-B4BB-F3B31801E2BD}.Release|x86.ActiveCfg = Release|Any CPU
		{0C765513-117F-43BE-B4BB-F3B31801E2BD}.Release|x86.Build.0 = Release|Any CPU
		{EA0B6AA1-65ED-4E88-BC04-8A39F8778845}.Debug|Any CPU.ActiveCfg = Debug|Any CPU
		{EA0B6AA1-65ED-4E88-BC04-8A39F8778845}.Debug|Any CPU.Build.0 = Debug|Any CPU
		{EA0B6AA1-65ED-4E88-BC04-8A39F8778845}.Debug|x64.ActiveCfg = Debug|Any CPU
		{EA0B6AA1-65ED-4E88-BC04-8A39F8778845}.Debug|x64.Build.0 = Debug|Any CPU
		{EA0B6AA1-65ED-4E88-BC04-8A39F8778845}.Debug|x86.ActiveCfg = Debug|Any CPU
		{EA0B6AA1-65ED-4E88-BC04-8A39F8778845}.Debug|x86.Build.0 = Debug|Any CPU
		{EA0B6AA1-65ED-4E88-BC04-8A39F8778845}.Release|Any CPU.ActiveCfg = Release|Any CPU
		{EA0B6AA1-65ED-4E88-BC04-8A39F8778845}.Release|Any CPU.Build.0 = Release|Any CPU
		{EA0B6AA1-65ED-4E88-BC04-8A39F8778845}.Release|x64.ActiveCfg = Release|Any CPU
		{EA0B6AA1-65ED-4E88-BC04-8A39F8778845}.Release|x64.Build.0 = Release|Any CPU
		{EA0B6AA1-65ED-4E88-BC04-8A39F8778845}.Release|x86.ActiveCfg = Release|Any CPU
		{EA0B6AA1-65ED-4E88-BC04-8A39F8778845}.Release|x86.Build.0 = Release|Any CPU
		{9C2E19CC-5671-4BDA-A8ED-A3FB498F3908}.Debug|Any CPU.ActiveCfg = Debug|Any CPU
		{9C2E19CC-5671-4BDA-A8ED-A3FB498F3908}.Debug|Any CPU.Build.0 = Debug|Any CPU
		{9C2E19CC-5671-4BDA-A8ED-A3FB498F3908}.Debug|x64.ActiveCfg = Debug|Any CPU
		{9C2E19CC-5671-4BDA-A8ED-A3FB498F3908}.Debug|x64.Build.0 = Debug|Any CPU
		{9C2E19CC-5671-4BDA-A8ED-A3FB498F3908}.Debug|x86.ActiveCfg = Debug|Any CPU
		{9C2E19CC-5671-4BDA-A8ED-A3FB498F3908}.Debug|x86.Build.0 = Debug|Any CPU
		{9C2E19CC-5671-4BDA-A8ED-A3FB498F3908}.Release|Any CPU.ActiveCfg = Release|Any CPU
		{9C2E19CC-5671-4BDA-A8ED-A3FB498F3908}.Release|Any CPU.Build.0 = Release|Any CPU
		{9C2E19CC-5671-4BDA-A8ED-A3FB498F3908}.Release|x64.ActiveCfg = Release|Any CPU
		{9C2E19CC-5671-4BDA-A8ED-A3FB498F3908}.Release|x64.Build.0 = Release|Any CPU
		{9C2E19CC-5671-4BDA-A8ED-A3FB498F3908}.Release|x86.ActiveCfg = Release|Any CPU
		{9C2E19CC-5671-4BDA-A8ED-A3FB498F3908}.Release|x86.Build.0 = Release|Any CPU
		{2810798A-8F5B-4B69-811D-34D2D7B58FFA}.Debug|Any CPU.ActiveCfg = Debug|Any CPU
		{2810798A-8F5B-4B69-811D-34D2D7B58FFA}.Debug|Any CPU.Build.0 = Debug|Any CPU
		{2810798A-8F5B-4B69-811D-34D2D7B58FFA}.Debug|x64.ActiveCfg = Debug|Any CPU
		{2810798A-8F5B-4B69-811D-34D2D7B58FFA}.Debug|x64.Build.0 = Debug|Any CPU
		{2810798A-8F5B-4B69-811D-34D2D7B58FFA}.Debug|x86.ActiveCfg = Debug|Any CPU
		{2810798A-8F5B-4B69-811D-34D2D7B58FFA}.Debug|x86.Build.0 = Debug|Any CPU
		{2810798A-8F5B-4B69-811D-34D2D7B58FFA}.Release|Any CPU.ActiveCfg = Release|Any CPU
		{2810798A-8F5B-4B69-811D-34D2D7B58FFA}.Release|Any CPU.Build.0 = Release|Any CPU
		{2810798A-8F5B-4B69-811D-34D2D7B58FFA}.Release|x64.ActiveCfg = Release|Any CPU
		{2810798A-8F5B-4B69-811D-34D2D7B58FFA}.Release|x64.Build.0 = Release|Any CPU
		{2810798A-8F5B-4B69-811D-34D2D7B58FFA}.Release|x86.ActiveCfg = Release|Any CPU
		{2810798A-8F5B-4B69-811D-34D2D7B58FFA}.Release|x86.Build.0 = Release|Any CPU
	EndGlobalSection
	GlobalSection(SolutionProperties) = preSolution
		HideSolutionNode = FALSE
	EndGlobalSection
	GlobalSection(NestedProjects) = preSolution
		{B01BFF59-594A-4805-A114-4A38BDFD02AE} = {0AB3BF05-4346-4AA6-1389-037BE0695223}
		{6224E808-6867-4C36-934C-2AC55DCE7703} = {827E0CD3-B72D-47B6-A68D-7590B98EB39B}
		{5CCB5A75-77A1-4261-9507-978156E70469} = {0AB3BF05-4346-4AA6-1389-037BE0695223}
		{BAFA2B62-4F9D-4F38-AE2E-0271090C95AF} = {827E0CD3-B72D-47B6-A68D-7590B98EB39B}
		{0C765513-117F-43BE-B4BB-F3B31801E2BD} = {0AB3BF05-4346-4AA6-1389-037BE0695223}
		{EA0B6AA1-65ED-4E88-BC04-8A39F8778845} = {827E0CD3-B72D-47B6-A68D-7590B98EB39B}
		{9C2E19CC-5671-4BDA-A8ED-A3FB498F3908} = {827E0CD3-B72D-47B6-A68D-7590B98EB39B}
		{9C0BF5A8-DCD1-D531-93C2-CA61A427B129} = {827E0CD3-B72D-47B6-A68D-7590B98EB39B}
		{2810798A-8F5B-4B69-811D-34D2D7B58FFA} = {9C0BF5A8-DCD1-D531-93C2-CA61A427B129}
	EndGlobalSection
EndGlobal
